// !$*UTF8*$!
{
	archiveVersion = 1;
	classes = {
	};
	objectVersion = 46;
	objects = {

/* Begin PBXBuildFile section */
		1B841671181ADD456C48BBBD /* Pods_RxSwiftPlaygroundTests.framework in Frameworks */ = {isa = PBXBuildFile; fileRef = 489F96649794130CD3261F2D /* Pods_RxSwiftPlaygroundTests.framework */; };
		1EDBEE471F4236E800C90E63 /* AppDelegate.swift in Sources */ = {isa = PBXBuildFile; fileRef = 1EDBEE461F4236E800C90E63 /* AppDelegate.swift */; };
		1EDBEE491F4236E800C90E63 /* ViewController.swift in Sources */ = {isa = PBXBuildFile; fileRef = 1EDBEE481F4236E800C90E63 /* ViewController.swift */; };
		1EDBEE4C1F4236E900C90E63 /* Main.storyboard in Resources */ = {isa = PBXBuildFile; fileRef = 1EDBEE4A1F4236E900C90E63 /* Main.storyboard */; };
		1EDBEE4E1F4236EA00C90E63 /* Assets.xcassets in Resources */ = {isa = PBXBuildFile; fileRef = 1EDBEE4D1F4236EA00C90E63 /* Assets.xcassets */; };
		1EDBEE511F4236EA00C90E63 /* LaunchScreen.storyboard in Resources */ = {isa = PBXBuildFile; fileRef = 1EDBEE4F1F4236EA00C90E63 /* LaunchScreen.storyboard */; };
		1EDBEE5C1F4236EC00C90E63 /* RxSwiftPlaygroundTests.swift in Sources */ = {isa = PBXBuildFile; fileRef = 1EDBEE5B1F4236EC00C90E63 /* RxSwiftPlaygroundTests.swift */; };
		36914217D31B80687F54E028 /* Pods_RxSwiftPlayground.framework in Frameworks */ = {isa = PBXBuildFile; fileRef = 9EAA8E1E5B8423CF4FC106CE /* Pods_RxSwiftPlayground.framework */; };
/* End PBXBuildFile section */

/* Begin PBXContainerItemProxy section */
		1EDBEE581F4236EC00C90E63 /* PBXContainerItemProxy */ = {
			isa = PBXContainerItemProxy;
			containerPortal = 1EDBEE3B1F4236E700C90E63 /* Project object */;
			proxyType = 1;
			remoteGlobalIDString = 1EDBEE421F4236E700C90E63;
			remoteInfo = RxSwiftPlayground;
		};
/* End PBXContainerItemProxy section */

/* Begin PBXFileReference section */
		1EDBEE431F4236E800C90E63 /* RxSwiftPlayground.app */ = {isa = PBXFileReference; explicitFileType = wrapper.application; includeInIndex = 0; path = RxSwiftPlayground.app; sourceTree = BUILT_PRODUCTS_DIR; };
		1EDBEE461F4236E800C90E63 /* AppDelegate.swift */ = {isa = PBXFileReference; lastKnownFileType = sourcecode.swift; path = AppDelegate.swift; sourceTree = "<group>"; };
		1EDBEE481F4236E800C90E63 /* ViewController.swift */ = {isa = PBXFileReference; lastKnownFileType = sourcecode.swift; path = ViewController.swift; sourceTree = "<group>"; };
		1EDBEE4B1F4236E900C90E63 /* Base */ = {isa = PBXFileReference; lastKnownFileType = file.storyboard; name = Base; path = Base.lproj/Main.storyboard; sourceTree = "<group>"; };
		1EDBEE4D1F4236EA00C90E63 /* Assets.xcassets */ = {isa = PBXFileReference; lastKnownFileType = folder.assetcatalog; path = Assets.xcassets; sourceTree = "<group>"; };
		1EDBEE501F4236EA00C90E63 /* Base */ = {isa = PBXFileReference; lastKnownFileType = file.storyboard; name = Base; path = Base.lproj/LaunchScreen.storyboard; sourceTree = "<group>"; };
		1EDBEE521F4236EA00C90E63 /* Info.plist */ = {isa = PBXFileReference; lastKnownFileType = text.plist.xml; path = Info.plist; sourceTree = "<group>"; };
		1EDBEE571F4236EC00C90E63 /* RxSwiftPlaygroundTests.xctest */ = {isa = PBXFileReference; explicitFileType = wrapper.cfbundle; includeInIndex = 0; path = RxSwiftPlaygroundTests.xctest; sourceTree = BUILT_PRODUCTS_DIR; };
		1EDBEE5B1F4236EC00C90E63 /* RxSwiftPlaygroundTests.swift */ = {isa = PBXFileReference; lastKnownFileType = sourcecode.swift; path = RxSwiftPlaygroundTests.swift; sourceTree = "<group>"; };
		1EDBEE5D1F4236EC00C90E63 /* Info.plist */ = {isa = PBXFileReference; lastKnownFileType = text.plist.xml; path = Info.plist; sourceTree = "<group>"; };
		1EDBEE661F42372200C90E63 /* MyPlayground.playground */ = {isa = PBXFileReference; lastKnownFileType = file.playground; path = MyPlayground.playground; sourceTree = "<group>"; };
		489F96649794130CD3261F2D /* Pods_RxSwiftPlaygroundTests.framework */ = {isa = PBXFileReference; explicitFileType = wrapper.framework; includeInIndex = 0; path = Pods_RxSwiftPlaygroundTests.framework; sourceTree = BUILT_PRODUCTS_DIR; };
		6BAB15B68F8A0665B0251C43 /* Pods-RxSwiftPlaygroundTests.release.xcconfig */ = {isa = PBXFileReference; includeInIndex = 1; lastKnownFileType = text.xcconfig; name = "Pods-RxSwiftPlaygroundTests.release.xcconfig"; path = "Pods/Target Support Files/Pods-RxSwiftPlaygroundTests/Pods-RxSwiftPlaygroundTests.release.xcconfig"; sourceTree = "<group>"; };
		762B9A73A679A62855F238B4 /* Pods-RxSwiftPlaygroundTests.debug.xcconfig */ = {isa = PBXFileReference; includeInIndex = 1; lastKnownFileType = text.xcconfig; name = "Pods-RxSwiftPlaygroundTests.debug.xcconfig"; path = "Pods/Target Support Files/Pods-RxSwiftPlaygroundTests/Pods-RxSwiftPlaygroundTests.debug.xcconfig"; sourceTree = "<group>"; };
		9EAA8E1E5B8423CF4FC106CE /* Pods_RxSwiftPlayground.framework */ = {isa = PBXFileReference; explicitFileType = wrapper.framework; includeInIndex = 0; path = Pods_RxSwiftPlayground.framework; sourceTree = BUILT_PRODUCTS_DIR; };
		D2E9108105073B8C245FF2D1 /* Pods-RxSwiftPlayground.release.xcconfig */ = {isa = PBXFileReference; includeInIndex = 1; lastKnownFileType = text.xcconfig; name = "Pods-RxSwiftPlayground.release.xcconfig"; path = "Pods/Target Support Files/Pods-RxSwiftPlayground/Pods-RxSwiftPlayground.release.xcconfig"; sourceTree = "<group>"; };
		DD67D89B040449726039FC34 /* Pods-RxSwiftPlayground.debug.xcconfig */ = {isa = PBXFileReference; includeInIndex = 1; lastKnownFileType = text.xcconfig; name = "Pods-RxSwiftPlayground.debug.xcconfig"; path = "Pods/Target Support Files/Pods-RxSwiftPlayground/Pods-RxSwiftPlayground.debug.xcconfig"; sourceTree = "<group>"; };
/* End PBXFileReference section */

/* Begin PBXFrameworksBuildPhase section */
		1EDBEE401F4236E700C90E63 /* Frameworks */ = {
			isa = PBXFrameworksBuildPhase;
			buildActionMask = 2147483647;
			files = (
				36914217D31B80687F54E028 /* Pods_RxSwiftPlayground.framework in Frameworks */,
			);
			runOnlyForDeploymentPostprocessing = 0;
		};
		1EDBEE541F4236EC00C90E63 /* Frameworks */ = {
			isa = PBXFrameworksBuildPhase;
			buildActionMask = 2147483647;
			files = (
				1B841671181ADD456C48BBBD /* Pods_RxSwiftPlaygroundTests.framework in Frameworks */,
			);
			runOnlyForDeploymentPostprocessing = 0;
		};
/* End PBXFrameworksBuildPhase section */

/* Begin PBXGroup section */
		1EDBEE3A1F4236E700C90E63 = {
			isa = PBXGroup;
			children = (
				1EDBEE661F42372200C90E63 /* MyPlayground.playground */,
				1EDBEE451F4236E800C90E63 /* RxSwiftPlayground */,
				1EDBEE5A1F4236EC00C90E63 /* RxSwiftPlaygroundTests */,
				1EDBEE441F4236E800C90E63 /* Products */,
				783E27FA08B15A4EC4575D24 /* Pods */,
				C6A8C9706DEF868B9584A910 /* Frameworks */,
			);
			sourceTree = "<group>";
		};
		1EDBEE441F4236E800C90E63 /* Products */ = {
			isa = PBXGroup;
			children = (
				1EDBEE431F4236E800C90E63 /* RxSwiftPlayground.app */,
				1EDBEE571F4236EC00C90E63 /* RxSwiftPlaygroundTests.xctest */,
			);
			name = Products;
			sourceTree = "<group>";
		};
		1EDBEE451F4236E800C90E63 /* RxSwiftPlayground */ = {
			isa = PBXGroup;
			children = (
				1EDBEE461F4236E800C90E63 /* AppDelegate.swift */,
				1EDBEE481F4236E800C90E63 /* ViewController.swift */,
				1EDBEE4A1F4236E900C90E63 /* Main.storyboard */,
				1EDBEE4D1F4236EA00C90E63 /* Assets.xcassets */,
				1EDBEE4F1F4236EA00C90E63 /* LaunchScreen.storyboard */,
				1EDBEE521F4236EA00C90E63 /* Info.plist */,
			);
			path = RxSwiftPlayground;
			sourceTree = "<group>";
		};
		1EDBEE5A1F4236EC00C90E63 /* RxSwiftPlaygroundTests */ = {
			isa = PBXGroup;
			children = (
				1EDBEE5B1F4236EC00C90E63 /* RxSwiftPlaygroundTests.swift */,
				1EDBEE5D1F4236EC00C90E63 /* Info.plist */,
			);
			path = RxSwiftPlaygroundTests;
			sourceTree = "<group>";
		};
		783E27FA08B15A4EC4575D24 /* Pods */ = {
			isa = PBXGroup;
			children = (
				DD67D89B040449726039FC34 /* Pods-RxSwiftPlayground.debug.xcconfig */,
				D2E9108105073B8C245FF2D1 /* Pods-RxSwiftPlayground.release.xcconfig */,
				762B9A73A679A62855F238B4 /* Pods-RxSwiftPlaygroundTests.debug.xcconfig */,
				6BAB15B68F8A0665B0251C43 /* Pods-RxSwiftPlaygroundTests.release.xcconfig */,
			);
			name = Pods;
			sourceTree = "<group>";
		};
		C6A8C9706DEF868B9584A910 /* Frameworks */ = {
			isa = PBXGroup;
			children = (
				9EAA8E1E5B8423CF4FC106CE /* Pods_RxSwiftPlayground.framework */,
				489F96649794130CD3261F2D /* Pods_RxSwiftPlaygroundTests.framework */,
			);
			name = Frameworks;
			sourceTree = "<group>";
		};
/* End PBXGroup section */

/* Begin PBXNativeTarget section */
		1EDBEE421F4236E700C90E63 /* RxSwiftPlayground */ = {
			isa = PBXNativeTarget;
			buildConfigurationList = 1EDBEE601F4236EC00C90E63 /* Build configuration list for PBXNativeTarget "RxSwiftPlayground" */;
			buildPhases = (
				9CCBC80EEAF254A134D95B25 /* [CP] Check Pods Manifest.lock */,
				1EDBEE3F1F4236E700C90E63 /* Sources */,
				1EDBEE401F4236E700C90E63 /* Frameworks */,
				1EDBEE411F4236E700C90E63 /* Resources */,
				F458BEB585F30DD0592775CC /* [CP] Embed Pods Frameworks */,
				015743FA7ACE88B1AA10E330 /* [CP] Copy Pods Resources */,
			);
			buildRules = (
			);
			dependencies = (
			);
			name = RxSwiftPlayground;
			productName = RxSwiftPlayground;
			productReference = 1EDBEE431F4236E800C90E63 /* RxSwiftPlayground.app */;
			productType = "com.apple.product-type.application";
		};
		1EDBEE561F4236EC00C90E63 /* RxSwiftPlaygroundTests */ = {
			isa = PBXNativeTarget;
			buildConfigurationList = 1EDBEE631F4236EC00C90E63 /* Build configuration list for PBXNativeTarget "RxSwiftPlaygroundTests" */;
			buildPhases = (
				597161B5E49D915F9342524E /* [CP] Check Pods Manifest.lock */,
				1EDBEE531F4236EC00C90E63 /* Sources */,
				1EDBEE541F4236EC00C90E63 /* Frameworks */,
				1EDBEE551F4236EC00C90E63 /* Resources */,
				E3F0820B717FDDED6054622E /* [CP] Embed Pods Frameworks */,
				53BEF2CEC7831B96F9855991 /* [CP] Copy Pods Resources */,
			);
			buildRules = (
			);
			dependencies = (
				1EDBEE591F4236EC00C90E63 /* PBXTargetDependency */,
			);
			name = RxSwiftPlaygroundTests;
			productName = RxSwiftPlaygroundTests;
			productReference = 1EDBEE571F4236EC00C90E63 /* RxSwiftPlaygroundTests.xctest */;
			productType = "com.apple.product-type.bundle.unit-test";
		};
/* End PBXNativeTarget section */

/* Begin PBXProject section */
		1EDBEE3B1F4236E700C90E63 /* Project object */ = {
			isa = PBXProject;
			attributes = {
				LastSwiftUpdateCheck = 0820;
				LastUpgradeCheck = 0820;
				ORGANIZATIONNAME = "Mahmoud SMGL";
				TargetAttributes = {
					1EDBEE421F4236E700C90E63 = {
						CreatedOnToolsVersion = 8.2.1;
						DevelopmentTeam = 5PD448JSVP;
						ProvisioningStyle = Automatic;
					};
					1EDBEE561F4236EC00C90E63 = {
						CreatedOnToolsVersion = 8.2.1;
						DevelopmentTeam = 5PD448JSVP;
						ProvisioningStyle = Automatic;
						TestTargetID = 1EDBEE421F4236E700C90E63;
					};
				};
			};
			buildConfigurationList = 1EDBEE3E1F4236E700C90E63 /* Build configuration list for PBXProject "RxSwiftPlayground" */;
			compatibilityVersion = "Xcode 3.2";
			developmentRegion = English;
			hasScannedForEncodings = 0;
			knownRegions = (
				en,
				Base,
			);
			mainGroup = 1EDBEE3A1F4236E700C90E63;
			productRefGroup = 1EDBEE441F4236E800C90E63 /* Products */;
			projectDirPath = "";
			projectRoot = "";
			targets = (
				1EDBEE421F4236E700C90E63 /* RxSwiftPlayground */,
				1EDBEE561F4236EC00C90E63 /* RxSwiftPlaygroundTests */,
			);
		};
/* End PBXProject section */

/* Begin PBXResourcesBuildPhase section */
		1EDBEE411F4236E700C90E63 /* Resources */ = {
			isa = PBXResourcesBuildPhase;
			buildActionMask = 2147483647;
			files = (
				1EDBEE511F4236EA00C90E63 /* LaunchScreen.storyboard in Resources */,
				1EDBEE4E1F4236EA00C90E63 /* Assets.xcassets in Resources */,
				1EDBEE4C1F4236E900C90E63 /* Main.storyboard in Resources */,
			);
			runOnlyForDeploymentPostprocessing = 0;
		};
		1EDBEE551F4236EC00C90E63 /* Resources */ = {
			isa = PBXResourcesBuildPhase;
			buildActionMask = 2147483647;
			files = (
			);
			runOnlyForDeploymentPostprocessing = 0;
		};
/* End PBXResourcesBuildPhase section */

/* Begin PBXShellScriptBuildPhase section */
		015743FA7ACE88B1AA10E330 /* [CP] Copy Pods Resources */ = {
			isa = PBXShellScriptBuildPhase;
			buildActionMask = 2147483647;
			files = (
			);
			inputPaths = (
			);
			name = "[CP] Copy Pods Resources";
			outputPaths = (
			);
			runOnlyForDeploymentPostprocessing = 0;
			shellPath = /bin/sh;
			shellScript = "\"${SRCROOT}/Pods/Target Support Files/Pods-RxSwiftPlayground/Pods-RxSwiftPlayground-resources.sh\"\n";
			showEnvVarsInLog = 0;
		};
		53BEF2CEC7831B96F9855991 /* [CP] Copy Pods Resources */ = {
			isa = PBXShellScriptBuildPhase;
			buildActionMask = 2147483647;
			files = (
			);
			inputPaths = (
			);
			name = "[CP] Copy Pods Resources";
			outputPaths = (
			);
			runOnlyForDeploymentPostprocessing = 0;
			shellPath = /bin/sh;
			shellScript = "\"${SRCROOT}/Pods/Target Support Files/Pods-RxSwiftPlaygroundTests/Pods-RxSwiftPlaygroundTests-resources.sh\"\n";
			showEnvVarsInLog = 0;
		};
		597161B5E49D915F9342524E /* [CP] Check Pods Manifest.lock */ = {
			isa = PBXShellScriptBuildPhase;
			buildActionMask = 2147483647;
			files = (
			);
			inputPaths = (
			);
			name = "[CP] Check Pods Manifest.lock";
			outputPaths = (
			);
			runOnlyForDeploymentPostprocessing = 0;
			shellPath = /bin/sh;
			shellScript = "diff \"${PODS_PODFILE_DIR_PATH}/Podfile.lock\" \"${PODS_ROOT}/Manifest.lock\" > /dev/null\nif [ $? != 0 ] ; then\n    # print error to STDERR\n    echo \"error: The sandbox is not in sync with the Podfile.lock. Run 'pod install' or update your CocoaPods installation.\" >&2\n    exit 1\nfi\n";
			showEnvVarsInLog = 0;
		};
		9CCBC80EEAF254A134D95B25 /* [CP] Check Pods Manifest.lock */ = {
			isa = PBXShellScriptBuildPhase;
			buildActionMask = 2147483647;
			files = (
			);
			inputPaths = (
			);
			name = "[CP] Check Pods Manifest.lock";
			outputPaths = (
			);
			runOnlyForDeploymentPostprocessing = 0;
			shellPath = /bin/sh;
			shellScript = "diff \"${PODS_PODFILE_DIR_PATH}/Podfile.lock\" \"${PODS_ROOT}/Manifest.lock\" > /dev/null\nif [ $? != 0 ] ; then\n    # print error to STDERR\n    echo \"error: The sandbox is not in sync with the Podfile.lock. Run 'pod install' or update your CocoaPods installation.\" >&2\n    exit 1\nfi\n";
			showEnvVarsInLog = 0;
		};
		E3F0820B717FDDED6054622E /* [CP] Embed Pods Frameworks */ = {
			isa = PBXShellScriptBuildPhase;
			buildActionMask = 2147483647;
			files = (
			);
			inputPaths = (
			);
			name = "[CP] Embed Pods Frameworks";
			outputPaths = (
			);
			runOnlyForDeploymentPostprocessing = 0;
			shellPath = /bin/sh;
			shellScript = "\"${SRCROOT}/Pods/Target Support Files/Pods-RxSwiftPlaygroundTests/Pods-RxSwiftPlaygroundTests-frameworks.sh\"\n";
			showEnvVarsInLog = 0;
		};
		F458BEB585F30DD0592775CC /* [CP] Embed Pods Frameworks */ = {
			isa = PBXShellScriptBuildPhase;
			buildActionMask = 2147483647;
			files = (
			);
			inputPaths = (
			);
			name = "[CP] Embed Pods Frameworks";
			outputPaths = (
			);
			runOnlyForDeploymentPostprocessing = 0;
			shellPath = /bin/sh;
			shellScript = "\"${SRCROOT}/Pods/Target Support Files/Pods-RxSwiftPlayground/Pods-RxSwiftPlayground-frameworks.sh\"\n";
			showEnvVarsInLog = 0;
		};
/* End PBXShellScriptBuildPhase section */

/* Begin PBXSourcesBuildPhase section */
		1EDBEE3F1F4236E700C90E63 /* Sources */ = {
			isa = PBXSourcesBuildPhase;
			buildActionMask = 2147483647;
			files = (
				1EDBEE491F4236E800C90E63 /* ViewController.swift in Sources */,
				1EDBEE471F4236E800C90E63 /* AppDelegate.swift in Sources */,
			);
			runOnlyForDeploymentPostprocessing = 0;
		};
		1EDBEE531F4236EC00C90E63 /* Sources */ = {
			isa = PBXSourcesBuildPhase;
			buildActionMask = 2147483647;
			files = (
				1EDBEE5C1F4236EC00C90E63 /* RxSwiftPlaygroundTests.swift in Sources */,
			);
			runOnlyForDeploymentPostprocessing = 0;
		};
/* End PBXSourcesBuildPhase section */

/* Begin PBXTargetDependency section */
		1EDBEE591F4236EC00C90E63 /* PBXTargetDependency */ = {
			isa = PBXTargetDependency;
			target = 1EDBEE421F4236E700C90E63 /* RxSwiftPlayground */;
			targetProxy = 1EDBEE581F4236EC00C90E63 /* PBXContainerItemProxy */;
		};
/* End PBXTargetDependency section */

/* Begin PBXVariantGroup section */
		1EDBEE4A1F4236E900C90E63 /* Main.storyboard */ = {
			isa = PBXVariantGroup;
			children = (
				1EDBEE4B1F4236E900C90E63 /* Base */,
			);
			name = Main.storyboard;
			sourceTree = "<group>";
		};
		1EDBEE4F1F4236EA00C90E63 /* LaunchScreen.storyboard */ = {
			isa = PBXVariantGroup;
			children = (
				1EDBEE501F4236EA00C90E63 /* Base */,
			);
			name = LaunchScreen.storyboard;
			sourceTree = "<group>";
		};
/* End PBXVariantGroup section */

/* Begin XCBuildConfiguration section */
		1EDBEE5E1F4236EC00C90E63 /* Debug */ = {
			isa = XCBuildConfiguration;
			buildSettings = {
				ALWAYS_SEARCH_USER_PATHS = NO;
				CLANG_ANALYZER_NONNULL = YES;
				CLANG_CXX_LANGUAGE_STANDARD = "gnu++0x";
				CLANG_CXX_LIBRARY = "libc++";
				CLANG_ENABLE_MODULES = YES;
				CLANG_ENABLE_OBJC_ARC = YES;
				CLANG_WARN_BOOL_CONVERSION = YES;
				CLANG_WARN_CONSTANT_CONVERSION = YES;
				CLANG_WARN_DIRECT_OBJC_ISA_USAGE = YES_ERROR;
				CLANG_WARN_DOCUMENTATION_COMMENTS = YES;
				CLANG_WARN_EMPTY_BODY = YES;
				CLANG_WARN_ENUM_CONVERSION = YES;
				CLANG_WARN_INFINITE_RECURSION = YES;
				CLANG_WARN_INT_CONVERSION = YES;
				CLANG_WARN_OBJC_ROOT_CLASS = YES_ERROR;
				CLANG_WARN_SUSPICIOUS_MOVE = YES;
				CLANG_WARN_UNREACHABLE_CODE = YES;
				CLANG_WARN__DUPLICATE_METHOD_MATCH = YES;
				"CODE_SIGN_IDENTITY[sdk=iphoneos*]" = "iPhone Developer";
				COPY_PHASE_STRIP = NO;
				DEBUG_INFORMATION_FORMAT = dwarf;
				ENABLE_STRICT_OBJC_MSGSEND = YES;
				ENABLE_TESTABILITY = YES;
				GCC_C_LANGUAGE_STANDARD = gnu99;
				GCC_DYNAMIC_NO_PIC = NO;
				GCC_NO_COMMON_BLOCKS = YES;
				GCC_OPTIMIZATION_LEVEL = 0;
				GCC_PREPROCESSOR_DEFINITIONS = (
					"DEBUG=1",
					"$(inherited)",
				);
				GCC_WARN_64_TO_32_BIT_CONVERSION = YES;
				GCC_WARN_ABOUT_RETURN_TYPE = YES_ERROR;
				GCC_WARN_UNDECLARED_SELECTOR = YES;
				GCC_WARN_UNINITIALIZED_AUTOS = YES_AGGRESSIVE;
				GCC_WARN_UNUSED_FUNCTION = YES;
				GCC_WARN_UNUSED_VARIABLE = YES;
				IPHONEOS_DEPLOYMENT_TARGET = 10.2;
				MTL_ENABLE_DEBUG_INFO = YES;
				ONLY_ACTIVE_ARCH = YES;
				SDKROOT = iphoneos;
				SWIFT_ACTIVE_COMPILATION_CONDITIONS = DEBUG;
				SWIFT_OPTIMIZATION_LEVEL = "-Onone";
				TARGETED_DEVICE_FAMILY = "1,2";
			};
			name = Debug;
		};
		1EDBEE5F1F4236EC00C90E63 /* Release */ = {
			isa = XCBuildConfiguration;
			buildSettings = {
				ALWAYS_SEARCH_USER_PATHS = NO;
				CLANG_ANALYZER_NONNULL = YES;
				CLANG_CXX_LANGUAGE_STANDARD = "gnu++0x";
				CLANG_CXX_LIBRARY = "libc++";
				CLANG_ENABLE_MODULES = YES;
				CLANG_ENABLE_OBJC_ARC = YES;
				CLANG_WARN_BOOL_CONVERSION = YES;
				CLANG_WARN_CONSTANT_CONVERSION = YES;
				CLANG_WARN_DIRECT_OBJC_ISA_USAGE = YES_ERROR;
				CLANG_WARN_DOCUMENTATION_COMMENTS = YES;
				CLANG_WARN_EMPTY_BODY = YES;
				CLANG_WARN_ENUM_CONVERSION = YES;
				CLANG_WARN_INFINITE_RECURSION = YES;
				CLANG_WARN_INT_CONVERSION = YES;
				CLANG_WARN_OBJC_ROOT_CLASS = YES_ERROR;
				CLANG_WARN_SUSPICIOUS_MOVE = YES;
				CLANG_WARN_UNREACHABLE_CODE = YES;
				CLANG_WARN__DUPLICATE_METHOD_MATCH = YES;
				"CODE_SIGN_IDENTITY[sdk=iphoneos*]" = "iPhone Developer";
				COPY_PHASE_STRIP = NO;
				DEBUG_INFORMATION_FORMAT = "dwarf-with-dsym";
				ENABLE_NS_ASSERTIONS = NO;
				ENABLE_STRICT_OBJC_MSGSEND = YES;
				GCC_C_LANGUAGE_STANDARD = gnu99;
				GCC_NO_COMMON_BLOCKS = YES;
				GCC_WARN_64_TO_32_BIT_CONVERSION = YES;
				GCC_WARN_ABOUT_RETURN_TYPE = YES_ERROR;
				GCC_WARN_UNDECLARED_SELECTOR = YES;
				GCC_WARN_UNINITIALIZED_AUTOS = YES_AGGRESSIVE;
				GCC_WARN_UNUSED_FUNCTION = YES;
				GCC_WARN_UNUSED_VARIABLE = YES;
				IPHONEOS_DEPLOYMENT_TARGET = 10.2;
				MTL_ENABLE_DEBUG_INFO = NO;
				SDKROOT = iphoneos;
				SWIFT_OPTIMIZATION_LEVEL = "-Owholemodule";
				TARGETED_DEVICE_FAMILY = "1,2";
				VALIDATE_PRODUCT = YES;
			};
			name = Release;
		};
		1EDBEE611F4236EC00C90E63 /* Debug */ = {
			isa = XCBuildConfiguration;
			baseConfigurationReference = DD67D89B040449726039FC34 /* Pods-RxSwiftPlayground.debug.xcconfig */;
			buildSettings = {
				ASSETCATALOG_COMPILER_APPICON_NAME = AppIcon;
				DEVELOPMENT_TEAM = 5PD448JSVP;
				INFOPLIST_FILE = RxSwiftPlayground/Info.plist;
				LD_RUNPATH_SEARCH_PATHS = "$(inherited) @executable_path/Frameworks";
				PRODUCT_BUNDLE_IDENTIFIER = "Mahmoud-SMGL.RxSwiftPlayground";
				PRODUCT_NAME = "$(TARGET_NAME)";
				SWIFT_VERSION = 3.0;
			};
			name = Debug;
		};
		1EDBEE621F4236EC00C90E63 /* Release */ = {
			isa = XCBuildConfiguration;
			baseConfigurationReference = D2E9108105073B8C245FF2D1 /* Pods-RxSwiftPlayground.release.xcconfig */;
			buildSettings = {
				ASSETCATALOG_COMPILER_APPICON_NAME = AppIcon;
				DEVELOPMENT_TEAM = 5PD448JSVP;
				INFOPLIST_FILE = RxSwiftPlayground/Info.plist;
				LD_RUNPATH_SEARCH_PATHS = "$(inherited) @executable_path/Frameworks";
				PRODUCT_BUNDLE_IDENTIFIER = "Mahmoud-SMGL.RxSwiftPlayground";
				PRODUCT_NAME = "$(TARGET_NAME)";
				SWIFT_VERSION = 3.0;
			};
			name = Release;
		};
		1EDBEE641F4236EC00C90E63 /* Debug */ = {
			isa = XCBuildConfiguration;
			baseConfigurationReference = 762B9A73A679A62855F238B4 /* Pods-RxSwiftPlaygroundTests.debug.xcconfig */;
			buildSettings = {
				ALWAYS_EMBED_SWIFT_STANDARD_LIBRARIES = YES;
				BUNDLE_LOADER = "$(TEST_HOST)";
				DEVELOPMENT_TEAM = 5PD448JSVP;
				INFOPLIST_FILE = RxSwiftPlaygroundTests/Info.plist;
				LD_RUNPATH_SEARCH_PATHS = "$(inherited) @executable_path/Frameworks @loader_path/Frameworks";
				PRODUCT_BUNDLE_IDENTIFIER = "Mahmoud-SMGL.RxSwiftPlaygroundTests";
				PRODUCT_NAME = "$(TARGET_NAME)";
				SWIFT_VERSION = 3.0;
				TEST_HOST = "$(BUILT_PRODUCTS_DIR)/RxSwiftPlayground.app/RxSwiftPlayground";
			};
			name = Debug;
		};
		1EDBEE651F4236EC00C90E63 /* Release */ = {
			isa = XCBuildConfiguration;
			baseConfigurationReference = 6BAB15B68F8A0665B0251C43 /* Pods-RxSwiftPlaygroundTests.release.xcconfig */;
			buildSettings = {
				ALWAYS_EMBED_SWIFT_STANDARD_LIBRARIES = YES;
				BUNDLE_LOADER = "$(TEST_HOST)";
				DEVELOPMENT_TEAM = 5PD448JSVP;
				INFOPLIST_FILE = RxSwiftPlaygroundTests/Info.plist;
				LD_RUNPATH_SEARCH_PATHS = "$(inherited) @executable_path/Frameworks @loader_path/Frameworks";
				PRODUCT_BUNDLE_IDENTIFIER = "Mahmoud-SMGL.RxSwiftPlaygroundTests";
				PRODUCT_NAME = "$(TARGET_NAME)";
				SWIFT_VERSION = 3.0;
				TEST_HOST = "$(BUILT_PRODUCTS_DIR)/RxSwiftPlayground.app/RxSwiftPlayground";
			};
			name = Release;
		};
/* End XCBuildConfiguration section */

/* Begin XCConfigurationList section */
		1EDBEE3E1F4236E700C90E63 /* Build configuration list for PBXProject "RxSwiftPlayground" */ = {
			isa = XCConfigurationList;
			buildConfigurations = (
				1EDBEE5E1F4236EC00C90E63 /* Debug */,
				1EDBEE5F1F4236EC00C90E63 /* Release */,
			);
			defaultConfigurationIsVisible = 0;
			defaultConfigurationName = Release;
		};
		1EDBEE601F4236EC00C90E63 /* Build configuration list for PBXNativeTarget "RxSwiftPlayground" */ = {
			isa = XCConfigurationList;
			buildConfigurations = (
				1EDBEE611F4236EC00C90E63 /* Debug */,
				1EDBEE621F4236EC00C90E63 /* Release */,
			);
			defaultConfigurationIsVisible = 0;
		};
		1EDBEE631F4236EC00C90E63 /* Build configuration list for PBXNativeTarget "RxSwiftPlaygroundTests" */ = {
			isa = XCConfigurationList;
			buildConfigurations = (
				1EDBEE641F4236EC00C90E63 /* Debug */,
				1EDBEE651F4236EC00C90E63 /* Release */,
			);
			defaultConfigurationIsVisible = 0;
		};
/* End XCConfigurationList section */
	};
	rootObject = 1EDBEE3B1F4236E700C90E63 /* Project object */;
}
